{
  "nodes": {
    "flake-utils": {
      "locked": {
        "lastModified": 1614513358,
        "narHash": "sha256-LakhOx3S1dRjnh0b5Dg3mbZyH0ToC9I8Y2wKSkBaTzU=",
        "owner": "numtide",
        "repo": "flake-utils",
        "rev": "5466c5bbece17adaab2d82fae80b46e807611bf3",
        "type": "github"
      },
      "original": {
        "owner": "numtide",
        "repo": "flake-utils",
        "type": "github"
      }
    },
    "home-manager": {
      "inputs": {
        "nixpkgs": [
          "nixpkgs"
        ]
      },
      "locked": {
        "lastModified": 1612902587,
        "narHash": "sha256-VZ7Z1OMFf5ReObu3CCVBsC2DWloTYDjqW1onUKejVrE=",
        "owner": "nix-community",
        "repo": "home-manager",
        "rev": "209566c752c4428c7692c134731971193f06b37c",
        "type": "github"
      },
      "original": {
        "owner": "nix-community",
        "ref": "release-20.09",
        "repo": "home-manager",
        "type": "github"
      }
    },
    "nixos-home": {
      "inputs": {
        "home-manager": "home-manager",
        "nixpkgs": [
          "nixpkgs"
        ]
      },
      "locked": {
        "lastModified": 1618809755,
        "narHash": "sha256-HPmDlEZxXz3LoZXYltcO8arHh8U8ve2cuTJCRo/dBuE=",
        "owner": "breakds",
        "repo": "nixos-home",
        "rev": "a2c05fc7fcac090b756086eba8b0762178391c30",
        "type": "github"
      },
      "original": {
        "owner": "breakds",
        "repo": "nixos-home",
        "rev": "a2c05fc7fcac090b756086eba8b0762178391c30",
        "type": "github"
      }
    },
    "nixpkgs": {
      "locked": {
        "lastModified": 1620808985,
        "narHash": "sha256-cf/+g1RVawT0rcKmfh2nf/lgnSrj9YZS+1PkCFmoeJQ=",
        "owner": "NixOS",
        "repo": "nixpkgs",
        "rev": "327368f98c6a927a84aed3c2f2fd1a7f6983e855",
        "type": "github"
      },
      "original": {
        "owner": "NixOS",
        "ref": "nixos-20.09",
        "repo": "nixpkgs",
        "type": "github"
      }
    },
    "nixpkgs_2": {
      "locked": {
        "lastModified": 1620945684,
        "narHash": "sha256-fxVZ814nLnZpO6NPxTWz8QqNnx9CjlwsO0S9/NUn8k0=",
        "owner": "NixOS",
        "repo": "nixpkgs",
        "rev": "90a28c9e1e63c16457d3a968e4a627772a4a579c",
        "type": "github"
      },
      "original": {
        "id": "nixpkgs",
        "type": "indirect"
      }
    },
    "root": {
      "inputs": {
        "nixos-home": "nixos-home",
        "nixpkgs": "nixpkgs",
        "vital-modules": "vital-modules"
      }
    },
    "vital-modules": {
      "inputs": {
        "nixpkgs": [
          "nixpkgs"
        ],
        "vitalpkgs": "vitalpkgs"
      },
      "locked": {
        "lastModified": 1620945029,
        "narHash": "sha256-S/Cd25aIeEcncvRT1kFknm+X6D0S2WPiVSybWoU0LnA=",
        "owner": "nixvital",
        "repo": "vital-modules",
        "rev": "3b869265725a61de267116ef3ab182abbe57f542",
        "type": "github"
      },
      "original": {
        "owner": "nixvital",
        "repo": "vital-modules",
        "rev": "3b869265725a61de267116ef3ab182abbe57f542",
        "type": "github"
      }
    },
    "vitalpkgs": {
      "inputs": {
        "flake-utils": "flake-utils",
        "nixpkgs": "nixpkgs_2"
      },
      "locked": {
        "lastModified": 1620944976,
        "narHash": "sha256-nAtjhT7Pt+Qv1jvlccCGuxzGKJ+mXBOBJyPxFtlXTns=",
        "owner": "nixvital",
        "repo": "vitalpkgs",
        "rev": "315fc6bd22ee01df568cf411bc64b90370dd15ea",
        "type": "github"
      },
      "original": {
        "owner": "nixvital",
        "repo": "vitalpkgs",
        "rev": "315fc6bd22ee01df568cf411bc64b90370dd15ea",
        "type": "github"
      }
    }
  },
  "root": "root",
  "version": 7
}
